lockfileVersion: '9.0'

settings:
  autoInstallPeers: true
  excludeLinksFromLockfile: false

importers:

  .: {}

  packages/project-a:
    dependencies:
      shared:
        specifier: workspace:^
        version: link:../shared

  packages/project-b:
    dependencies:
      shared:
        specifier: workspace:^
        version: link:../shared

  packages/shared: {}
